
Microsoft Visual Studio Solution File, Format Version 12.00
# Visual Studio Version 17
VisualStudioVersion = 17.7.34009.444
MinimumVisualStudioVersion = 10.0.40219.1
Project("{FAE04EC0-301F-11D3-BF4B-00C04F79EFBC}") = "Atividades URI", "Atividades URI\Atividades URI.csproj", "{16DD8347-887B-44E2-B675-B169E95DC794}"
EndProject
Global
	GlobalSection(SolutionConfigurationPlatforms) = preSolution
		Debug|Any CPU = Debug|Any CPU
		Release|Any CPU = Release|Any CPU
	EndGlobalSection
	GlobalSection(ProjectConfigurationPlatforms) = postSolution
		{16DD8347-887B-44E2-B675-B169E95DC794}.Debug|Any CPU.ActiveCfg = Debug|Any CPU
		{16DD8347-887B-44E2-B675-B169E95DC794}.Debug|Any CPU.Build.0 = Debug|Any CPU
		{16DD8347-887B-44E2-B675-B169E95DC794}.Release|Any CPU.ActiveCfg = Release|Any CPU
		{16DD8347-887B-44E2-B675-B169E95DC794}.Release|Any CPU.Build.0 = Release|Any CPU
	EndGlobalSection
	GlobalSection(SolutionProperties) = preSolution
		HideSolutionNode = FALSE
	EndGlobalSection
	GlobalSection(ExtensibilityGlobals) = postSolution
		SolutionGuid = {BFA8A2BA-DF93-42EE-A955-316FFFBC1518}
	EndGlobalSection
EndGlobal
